PODS:
  - ESTabBarController-swift (2.8.0)
  - TangramKit (1.4.2)
  - ZQFlexibleTool (1.0.0):
    - ESTabBarController-swift
    - TangramKit (= 1.4.2)

DEPENDENCIES:
  - ESTabBarController-swift
  - TangramKit (= 1.4.2)
  - ZQFlexibleTool (from `..`)

SPEC REPOS:
  trunk:
    - ESTabBarController-swift
    - TangramKit

EXTERNAL SOURCES:
  ZQFlexibleTool:
    :path: ".."

SPEC CHECKSUMS:
  ESTabBarController-swift: 05593a6ad64700b03c0eb60ff625916370aa4136
  TangramKit: aad3ab8f9617418c9da96d59cddd71134ae8af83
  ZQFlexibleTool: aed8fd7f3ddb372f81242e251fc75e7ee7f22269

PODFILE CHECKSUM: 7c8c974be7f33d472416cd5603eb9f2c9a85214b

COCOAPODS: 1.14.2
